// !$*UTF8*$!
{
	archiveVersion = 1;
	classes = {
	};
	objectVersion = 46;
	objects = {

/* Begin PBXBuildFile section */
		72919E981DE67FFB004CB9D1 /* AppDelegate.swift in Sources */ = {isa = PBXBuildFile; fileRef = 72919E971DE67FFB004CB9D1 /* AppDelegate.swift */; };
		72919E9A1DE67FFB004CB9D1 /* ViewController.swift in Sources */ = {isa = PBXBuildFile; fileRef = 72919E991DE67FFB004CB9D1 /* ViewController.swift */; };
		72919E9D1DE67FFB004CB9D1 /* Main.storyboard in Resources */ = {isa = PBXBuildFile; fileRef = 72919E9B1DE67FFB004CB9D1 /* Main.storyboard */; };
		72919E9F1DE67FFB004CB9D1 /* Assets.xcassets in Resources */ = {isa = PBXBuildFile; fileRef = 72919E9E1DE67FFB004CB9D1 /* Assets.xcassets */; };
		72919EA21DE67FFB004CB9D1 /* LaunchScreen.storyboard in Resources */ = {isa = PBXBuildFile; fileRef = 72919EA01DE67FFB004CB9D1 /* LaunchScreen.storyboard */; };
		72919EAD1DE67FFB004CB9D1 /* tomato_WorTests.swift in Sources */ = {isa = PBXBuildFile; fileRef = 72919EAC1DE67FFB004CB9D1 /* tomato_WorTests.swift */; };
		72919EB81DE67FFB004CB9D1 /* tomato_WorUITests.swift in Sources */ = {isa = PBXBuildFile; fileRef = 72919EB71DE67FFB004CB9D1 /* tomato_WorUITests.swift */; };
/* End PBXBuildFile section */

/* Begin PBXContainerItemProxy section */
		72919EA91DE67FFB004CB9D1 /* PBXContainerItemProxy */ = {
			isa = PBXContainerItemProxy;
			containerPortal = 72919E8C1DE67FFB004CB9D1 /* Project object */;
			proxyType = 1;
			remoteGlobalIDString = 72919E931DE67FFB004CB9D1;
			remoteInfo = "tomato-Wor";
		};
		72919EB41DE67FFB004CB9D1 /* PBXContainerItemProxy */ = {
			isa = PBXContainerItemProxy;
			containerPortal = 72919E8C1DE67FFB004CB9D1 /* Project object */;
			proxyType = 1;
			remoteGlobalIDString = 72919E931DE67FFB004CB9D1;
			remoteInfo = "tomato-Wor";
		};
/* End PBXContainerItemProxy section */

/* Begin PBXFileReference section */
		72919E941DE67FFB004CB9D1 /* tomato-Wor.app */ = {isa = PBXFileReference; explicitFileType = wrapper.application; includeInIndex = 0; path = "tomato-Wor.app"; sourceTree = BUILT_PRODUCTS_DIR; };
		72919E971DE67FFB004CB9D1 /* AppDelegate.swift */ = {isa = PBXFileReference; lastKnownFileType = sourcecode.swift; path = AppDelegate.swift; sourceTree = "<group>"; };
		72919E991DE67FFB004CB9D1 /* ViewController.swift */ = {isa = PBXFileReference; lastKnownFileType = sourcecode.swift; path = ViewController.swift; sourceTree = "<group>"; };
		72919E9C1DE67FFB004CB9D1 /* Base */ = {isa = PBXFileReference; lastKnownFileType = file.storyboard; name = Base; path = Base.lproj/Main.storyboard; sourceTree = "<group>"; };
		72919E9E1DE67FFB004CB9D1 /* Assets.xcassets */ = {isa = PBXFileReference; lastKnownFileType = folder.assetcatalog; path = Assets.xcassets; sourceTree = "<group>"; };
		72919EA11DE67FFB004CB9D1 /* Base */ = {isa = PBXFileReference; lastKnownFileType = file.storyboard; name = Base; path = Base.lproj/LaunchScreen.storyboard; sourceTree = "<group>"; };
		72919EA31DE67FFB004CB9D1 /* Info.plist */ = {isa = PBXFileReference; lastKnownFileType = text.plist.xml; path = Info.plist; sourceTree = "<group>"; };
		72919EA81DE67FFB004CB9D1 /* tomato-WorTests.xctest */ = {isa = PBXFileReference; explicitFileType = wrapper.cfbundle; includeInIndex = 0; path = "tomato-WorTests.xctest"; sourceTree = BUILT_PRODUCTS_DIR; };
		72919EAC1DE67FFB004CB9D1 /* tomato_WorTests.swift */ = {isa = PBXFileReference; lastKnownFileType = sourcecode.swift; path = tomato_WorTests.swift; sourceTree = "<group>"; };
		72919EAE1DE67FFB004CB9D1 /* Info.plist */ = {isa = PBXFileReference; lastKnownFileType = text.plist.xml; path = Info.plist; sourceTree = "<group>"; };
		72919EB31DE67FFB004CB9D1 /* tomato-WorUITests.xctest */ = {isa = PBXFileReference; explicitFileType = wrapper.cfbundle; includeInIndex = 0; path = "tomato-WorUITests.xctest"; sourceTree = BUILT_PRODUCTS_DIR; };
		72919EB71DE67FFB004CB9D1 /* tomato_WorUITests.swift */ = {isa = PBXFileReference; lastKnownFileType = sourcecode.swift; path = tomato_WorUITests.swift; sourceTree = "<group>"; };
		72919EB91DE67FFB004CB9D1 /* Info.plist */ = {isa = PBXFileReference; lastKnownFileType = text.plist.xml; path = Info.plist; sourceTree = "<group>"; };
/* End PBXFileReference section */

/* Begin PBXFrameworksBuildPhase section */
		72919E911DE67FFB004CB9D1 /* Frameworks */ = {
			isa = PBXFrameworksBuildPhase;
			buildActionMask = 2147483647;
			files = (
			);
			runOnlyForDeploymentPostprocessing = 0;
		};
		72919EA51DE67FFB004CB9D1 /* Frameworks */ = {
			isa = PBXFrameworksBuildPhase;
			buildActionMask = 2147483647;
			files = (
			);
			runOnlyForDeploymentPostprocessing = 0;
		};
		72919EB01DE67FFB004CB9D1 /* Frameworks */ = {
			isa = PBXFrameworksBuildPhase;
			buildActionMask = 2147483647;
			files = (
			);
			runOnlyForDeploymentPostprocessing = 0;
		};
/* End PBXFrameworksBuildPhase section */

/* Begin PBXGroup section */
		72919E8B1DE67FFB004CB9D1 = {
			isa = PBXGroup;
			children = (
				72919E961DE67FFB004CB9D1 /* tomato-Wor */,
				72919EAB1DE67FFB004CB9D1 /* tomato-WorTests */,
				72919EB61DE67FFB004CB9D1 /* tomato-WorUITests */,
				72919E951DE67FFB004CB9D1 /* Products */,
			);
			sourceTree = "<group>";
		};
		72919E951DE67FFB004CB9D1 /* Products */ = {
			isa = PBXGroup;
			children = (
				72919E941DE67FFB004CB9D1 /* tomato-Wor.app */,
				72919EA81DE67FFB004CB9D1 /* tomato-WorTests.xctest */,
				72919EB31DE67FFB004CB9D1 /* tomato-WorUITests.xctest */,
			);
			name = Products;
			sourceTree = "<group>";
		};
		72919E961DE67FFB004CB9D1 /* tomato-Wor */ = {
			isa = PBXGroup;
			children = (
				72919E971DE67FFB004CB9D1 /* AppDelegate.swift */,
				72919E991DE67FFB004CB9D1 /* ViewController.swift */,
				72919E9B1DE67FFB004CB9D1 /* Main.storyboard */,
				72919E9E1DE67FFB004CB9D1 /* Assets.xcassets */,
				72919EA01DE67FFB004CB9D1 /* LaunchScreen.storyboard */,
				72919EA31DE67FFB004CB9D1 /* Info.plist */,
			);
			path = "tomato-Wor";
			sourceTree = "<group>";
		};
		72919EAB1DE67FFB004CB9D1 /* tomato-WorTests */ = {
			isa = PBXGroup;
			children = (
				72919EAC1DE67FFB004CB9D1 /* tomato_WorTests.swift */,
				72919EAE1DE67FFB004CB9D1 /* Info.plist */,
			);
			path = "tomato-WorTests";
			sourceTree = "<group>";
		};
		72919EB61DE67FFB004CB9D1 /* tomato-WorUITests */ = {
			isa = PBXGroup;
			children = (
				72919EB71DE67FFB004CB9D1 /* tomato_WorUITests.swift */,
				72919EB91DE67FFB004CB9D1 /* Info.plist */,
			);
			path = "tomato-WorUITests";
			sourceTree = "<group>";
		};
/* End PBXGroup section */

/* Begin PBXNativeTarget section */
		72919E931DE67FFB004CB9D1 /* tomato-Wor */ = {
			isa = PBXNativeTarget;
			buildConfigurationList = 72919EBC1DE67FFB004CB9D1 /* Build configuration list for PBXNativeTarget "tomato-Wor" */;
			buildPhases = (
				72919E901DE67FFB004CB9D1 /* Sources */,
				72919E911DE67FFB004CB9D1 /* Frameworks */,
				72919E921DE67FFB004CB9D1 /* Resources */,
			);
			buildRules = (
			);
			dependencies = (
			);
			name = "tomato-Wor";
			productName = "tomato-Wor";
			productReference = 72919E941DE67FFB004CB9D1 /* tomato-Wor.app */;
			productType = "com.apple.product-type.application";
		};
		72919EA71DE67FFB004CB9D1 /* tomato-WorTests */ = {
			isa = PBXNativeTarget;
			buildConfigurationList = 72919EBF1DE67FFB004CB9D1 /* Build configuration list for PBXNativeTarget "tomato-WorTests" */;
			buildPhases = (
				72919EA41DE67FFB004CB9D1 /* Sources */,
				72919EA51DE67FFB004CB9D1 /* Frameworks */,
				72919EA61DE67FFB004CB9D1 /* Resources */,
			);
			buildRules = (
			);
			dependencies = (
				72919EAA1DE67FFB004CB9D1 /* PBXTargetDependency */,
			);
			name = "tomato-WorTests";
			productName = "tomato-WorTests";
			productReference = 72919EA81DE67FFB004CB9D1 /* tomato-WorTests.xctest */;
			productType = "com.apple.product-type.bundle.unit-test";
		};
		72919EB21DE67FFB004CB9D1 /* tomato-WorUITests */ = {
			isa = PBXNativeTarget;
			buildConfigurationList = 72919EC21DE67FFB004CB9D1 /* Build configuration list for PBXNativeTarget "tomato-WorUITests" */;
			buildPhases = (
				72919EAF1DE67FFB004CB9D1 /* Sources */,
				72919EB01DE67FFB004CB9D1 /* Frameworks */,
				72919EB11DE67FFB004CB9D1 /* Resources */,
			);
			buildRules = (
			);
			dependencies = (
				72919EB51DE67FFB004CB9D1 /* PBXTargetDependency */,
			);
			name = "tomato-WorUITests";
			productName = "tomato-WorUITests";
			productReference = 72919EB31DE67FFB004CB9D1 /* tomato-WorUITests.xctest */;
			productType = "com.apple.product-type.bundle.ui-testing";
		};
/* End PBXNativeTarget section */

/* Begin PBXProject section */
		72919E8C1DE67FFB004CB9D1 /* Project object */ = {
			isa = PBXProject;
			attributes = {
				LastSwiftUpdateCheck = 0720;
				LastUpgradeCheck = 0720;
				ORGANIZATIONNAME = RyukyuUniversity;
				TargetAttributes = {
					72919E931DE67FFB004CB9D1 = {
						CreatedOnToolsVersion = 7.2.1;
						DevelopmentTeam = 6TM2893D52;
					};
					72919EA71DE67FFB004CB9D1 = {
						CreatedOnToolsVersion = 7.2.1;
						DevelopmentTeam = 6TM2893D52;
						TestTargetID = 72919E931DE67FFB004CB9D1;
					};
					72919EB21DE67FFB004CB9D1 = {
						CreatedOnToolsVersion = 7.2.1;
						DevelopmentTeam = 6TM2893D52;
						TestTargetID = 72919E931DE67FFB004CB9D1;
					};
				};
			};
			buildConfigurationList = 72919E8F1DE67FFB004CB9D1 /* Build configuration list for PBXProject "tomato-Wor" */;
			compatibilityVersion = "Xcode 3.2";
			developmentRegion = English;
			hasScannedForEncodings = 0;
			knownRegions = (
				en,
				Base,
			);
			mainGroup = 72919E8B1DE67FFB004CB9D1;
			productRefGroup = 72919E951DE67FFB004CB9D1 /* Products */;
			projectDirPath = "";
			projectRoot = "";
			targets = (
				72919E931DE67FFB004CB9D1 /* tomato-Wor */,
				72919EA71DE67FFB004CB9D1 /* tomato-WorTests */,
				72919EB21DE67FFB004CB9D1 /* tomato-WorUITests */,
			);
		};
/* End PBXProject section */

/* Begin PBXResourcesBuildPhase section */
		72919E921DE67FFB004CB9D1 /* Resources */ = {
			isa = PBXResourcesBuildPhase;
			buildActionMask = 2147483647;
			files = (
				72919EA21DE67FFB004CB9D1 /* LaunchScreen.storyboard in Resources */,
				72919E9F1DE67FFB004CB9D1 /* Assets.xcassets in Resources */,
				72919E9D1DE67FFB004CB9D1 /* Main.storyboard in Resources */,
			);
			runOnlyForDeploymentPostprocessing = 0;
		};
		72919EA61DE67FFB004CB9D1 /* Resources */ = {
			isa = PBXResourcesBuildPhase;
			buildActionMask = 2147483647;
			files = (
			);
			runOnlyForDeploymentPostprocessing = 0;
		};
		72919EB11DE67FFB004CB9D1 /* Resources */ = {
			isa = PBXResourcesBuildPhase;
			buildActionMask = 2147483647;
			files = (
			);
			runOnlyForDeploymentPostprocessing = 0;
		};
/* End PBXResourcesBuildPhase section */

/* Begin PBXSourcesBuildPhase section */
		72919E901DE67FFB004CB9D1 /* Sources */ = {
			isa = PBXSourcesBuildPhase;
			buildActionMask = 2147483647;
			files = (
				72919E9A1DE67FFB004CB9D1 /* ViewController.swift in Sources */,
				72919E981DE67FFB004CB9D1 /* AppDelegate.swift in Sources */,
			);
			runOnlyForDeploymentPostprocessing = 0;
		};
		72919EA41DE67FFB004CB9D1 /* Sources */ = {
			isa = PBXSourcesBuildPhase;
			buildActionMask = 2147483647;
			files = (
				72919EAD1DE67FFB004CB9D1 /* tomato_WorTests.swift in Sources */,
			);
			runOnlyForDeploymentPostprocessing = 0;
		};
		72919EAF1DE67FFB004CB9D1 /* Sources */ = {
			isa = PBXSourcesBuildPhase;
			buildActionMask = 2147483647;
			files = (
				72919EB81DE67FFB004CB9D1 /* tomato_WorUITests.swift in Sources */,
			);
			runOnlyForDeploymentPostprocessing = 0;
		};
/* End PBXSourcesBuildPhase section */

/* Begin PBXTargetDependency section */
		72919EAA1DE67FFB004CB9D1 /* PBXTargetDependency */ = {
			isa = PBXTargetDependency;
			target = 72919E931DE67FFB004CB9D1 /* tomato-Wor */;
			targetProxy = 72919EA91DE67FFB004CB9D1 /* PBXContainerItemProxy */;
		};
		72919EB51DE67FFB004CB9D1 /* PBXTargetDependency */ = {
			isa = PBXTargetDependency;
			target = 72919E931DE67FFB004CB9D1 /* tomato-Wor */;
			targetProxy = 72919EB41DE67FFB004CB9D1 /* PBXContainerItemProxy */;
		};
/* End PBXTargetDependency section */

/* Begin PBXVariantGroup section */
		72919E9B1DE67FFB004CB9D1 /* Main.storyboard */ = {
			isa = PBXVariantGroup;
			children = (
				72919E9C1DE67FFB004CB9D1 /* Base */,
			);
			name = Main.storyboard;
			sourceTree = "<group>";
		};
		72919EA01DE67FFB004CB9D1 /* LaunchScreen.storyboard */ = {
			isa = PBXVariantGroup;
			children = (
				72919EA11DE67FFB004CB9D1 /* Base */,
			);
			name = LaunchScreen.storyboard;
			sourceTree = "<group>";
		};
/* End PBXVariantGroup section */

/* Begin XCBuildConfiguration section */
		72919EBA1DE67FFB004CB9D1 /* Debug */ = {
			isa = XCBuildConfiguration;
			buildSettings = {
				ALWAYS_SEARCH_USER_PATHS = NO;
				CLANG_CXX_LANGUAGE_STANDARD = "gnu++0x";
				CLANG_CXX_LIBRARY = "libc++";
				CLANG_ENABLE_MODULES = YES;
				CLANG_ENABLE_OBJC_ARC = YES;
				CLANG_WARN_BOOL_CONVERSION = YES;
				CLANG_WARN_CONSTANT_CONVERSION = YES;
				CLANG_WARN_DIRECT_OBJC_ISA_USAGE = YES_ERROR;
				CLANG_WARN_EMPTY_BODY = YES;
				CLANG_WARN_ENUM_CONVERSION = YES;
				CLANG_WARN_INT_CONVERSION = YES;
				CLANG_WARN_OBJC_ROOT_CLASS = YES_ERROR;
				CLANG_WARN_UNREACHABLE_CODE = YES;
				CLANG_WARN__DUPLICATE_METHOD_MATCH = YES;
				"CODE_SIGN_IDENTITY[sdk=iphoneos*]" = "iPhone Developer";
				COPY_PHASE_STRIP = NO;
				DEBUG_INFORMATION_FORMAT = dwarf;
				ENABLE_STRICT_OBJC_MSGSEND = YES;
				ENABLE_TESTABILITY = YES;
				GCC_C_LANGUAGE_STANDARD = gnu99;
				GCC_DYNAMIC_NO_PIC = NO;
				GCC_NO_COMMON_BLOCKS = YES;
				GCC_OPTIMIZATION_LEVEL = 0;
				GCC_PREPROCESSOR_DEFINITIONS = (
					"DEBUG=1",
					"$(inherited)",
				);
				GCC_WARN_64_TO_32_BIT_CONVERSION = YES;
				GCC_WARN_ABOUT_RETURN_TYPE = YES_ERROR;
				GCC_WARN_UNDECLARED_SELECTOR = YES;
				GCC_WARN_UNINITIALIZED_AUTOS = YES_AGGRESSIVE;
				GCC_WARN_UNUSED_FUNCTION = YES;
				GCC_WARN_UNUSED_VARIABLE = YES;
				IPHONEOS_DEPLOYMENT_TARGET = 9.2;
				MTL_ENABLE_DEBUG_INFO = YES;
				ONLY_ACTIVE_ARCH = YES;
				SDKROOT = iphoneos;
				SWIFT_OPTIMIZATION_LEVEL = "-Onone";
			};
			name = Debug;
		};
		72919EBB1DE67FFB004CB9D1 /* Release */ = {
			isa = XCBuildConfiguration;
			buildSettings = {
				ALWAYS_SEARCH_USER_PATHS = NO;
				CLANG_CXX_LANGUAGE_STANDARD = "gnu++0x";
				CLANG_CXX_LIBRARY = "libc++";
				CLANG_ENABLE_MODULES = YES;
				CLANG_ENABLE_OBJC_ARC = YES;
				CLANG_WARN_BOOL_CONVERSION = YES;
				CLANG_WARN_CONSTANT_CONVERSION = YES;
				CLANG_WARN_DIRECT_OBJC_ISA_USAGE = YES_ERROR;
				CLANG_WARN_EMPTY_BODY = YES;
				CLANG_WARN_ENUM_CONVERSION = YES;
				CLANG_WARN_INT_CONVERSION = YES;
				CLANG_WARN_OBJC_ROOT_CLASS = YES_ERROR;
				CLANG_WARN_UNREACHABLE_CODE = YES;
				CLANG_WARN__DUPLICATE_METHOD_MATCH = YES;
				"CODE_SIGN_IDENTITY[sdk=iphoneos*]" = "iPhone Developer";
				COPY_PHASE_STRIP = NO;
				DEBUG_INFORMATION_FORMAT = "dwarf-with-dsym";
				ENABLE_NS_ASSERTIONS = NO;
				ENABLE_STRICT_OBJC_MSGSEND = YES;
				GCC_C_LANGUAGE_STANDARD = gnu99;
				GCC_NO_COMMON_BLOCKS = YES;
				GCC_WARN_64_TO_32_BIT_CONVERSION = YES;
				GCC_WARN_ABOUT_RETURN_TYPE = YES_ERROR;
				GCC_WARN_UNDECLARED_SELECTOR = YES;
				GCC_WARN_UNINITIALIZED_AUTOS = YES_AGGRESSIVE;
				GCC_WARN_UNUSED_FUNCTION = YES;
				GCC_WARN_UNUSED_VARIABLE = YES;
				IPHONEOS_DEPLOYMENT_TARGET = 9.2;
				MTL_ENABLE_DEBUG_INFO = NO;
				SDKROOT = iphoneos;
				VALIDATE_PRODUCT = YES;
			};
			name = Release;
		};
		72919EBD1DE67FFB004CB9D1 /* Debug */ = {
			isa = XCBuildConfiguration;
			buildSettings = {
				ASSETCATALOG_COMPILER_APPICON_NAME = AppIcon;
				CODE_SIGN_IDENTITY = "iPhone Developer";
				INFOPLIST_FILE = "tomato-Wor/Info.plist";
				IPHONEOS_DEPLOYMENT_TARGET = 8.1;
				LD_RUNPATH_SEARCH_PATHS = "$(inherited) @executable_path/Frameworks";
				PRODUCT_BUNDLE_IDENTIFIER = "nemunemu.tomato-Wor.hoge";
				PRODUCT_NAME = "$(TARGET_NAME)";
			};
			name = Debug;
		};
		72919EBE1DE67FFB004CB9D1 /* Release */ = {
			isa = XCBuildConfiguration;
			buildSettings = {
				ASSETCATALOG_COMPILER_APPICON_NAME = AppIcon;
				CODE_SIGN_IDENTITY = "iPhone Developer";
				INFOPLIST_FILE = "tomato-Wor/Info.plist";
				IPHONEOS_DEPLOYMENT_TARGET = 8.1;
				LD_RUNPATH_SEARCH_PATHS = "$(inherited) @executable_path/Frameworks";
				PRODUCT_BUNDLE_IDENTIFIER = "nemunemu.tomato-Wor.hoge";
				PRODUCT_NAME = "$(TARGET_NAME)";
			};
			name = Release;
		};
		72919EC01DE67FFB004CB9D1 /* Debug */ = {
			isa = XCBuildConfiguration;
			buildSettings = {
				BUNDLE_LOADER = "$(TEST_HOST)";
				INFOPLIST_FILE = "tomato-WorTests/Info.plist";
				LD_RUNPATH_SEARCH_PATHS = "$(inherited) @executable_path/Frameworks @loader_path/Frameworks";
				PRODUCT_BUNDLE_IDENTIFIER = "nemunemu.tomato-WorTests";
				PRODUCT_NAME = "$(TARGET_NAME)";
				TEST_HOST = "$(BUILT_PRODUCTS_DIR)/tomato-Wor.app/tomato-Wor";
			};
			name = Debug;
		};
		72919EC11DE67FFB004CB9D1 /* Release */ = {
			isa = XCBuildConfiguration;
			buildSettings = {
				BUNDLE_LOADER = "$(TEST_HOST)";
				INFOPLIST_FILE = "tomato-WorTests/Info.plist";
				LD_RUNPATH_SEARCH_PATHS = "$(inherited) @executable_path/Frameworks @loader_path/Frameworks";
				PRODUCT_BUNDLE_IDENTIFIER = "nemunemu.tomato-WorTests";
				PRODUCT_NAME = "$(TARGET_NAME)";
				TEST_HOST = "$(BUILT_PRODUCTS_DIR)/tomato-Wor.app/tomato-Wor";
			};
			name = Release;
		};
		72919EC31DE67FFB004CB9D1 /* Debug */ = {
			isa = XCBuildConfiguration;
			buildSettings = {
				INFOPLIST_FILE = "tomato-WorUITests/Info.plist";
				LD_RUNPATH_SEARCH_PATHS = "$(inherited) @executable_path/Frameworks @loader_path/Frameworks";
				PRODUCT_BUNDLE_IDENTIFIER = "nemunemu.tomato-WorUITests";
				PRODUCT_NAME = "$(TARGET_NAME)";
				TEST_TARGET_NAME = "tomato-Wor";
				USES_XCTRUNNER = YES;
			};
			name = Debug;
		};
		72919EC41DE67FFB004CB9D1 /* Release */ = {
			isa = XCBuildConfiguration;
			buildSettings = {
				INFOPLIST_FILE = "tomato-WorUITests/Info.plist";
				LD_RUNPATH_SEARCH_PATHS = "$(inherited) @executable_path/Frameworks @loader_path/Frameworks";
				PRODUCT_BUNDLE_IDENTIFIER = "nemunemu.tomato-WorUITests";
				PRODUCT_NAME = "$(TARGET_NAME)";
				TEST_TARGET_NAME = "tomato-Wor";
				USES_XCTRUNNER = YES;
			};
			name = Release;
		};
/* End XCBuildConfiguration section */

/* Begin XCConfigurationList section */
		72919E8F1DE67FFB004CB9D1 /* Build configuration list for PBXProject "tomato-Wor" */ = {
			isa = XCConfigurationList;
			buildConfigurations = (
				72919EBA1DE67FFB004CB9D1 /* Debug */,
				72919EBB1DE67FFB004CB9D1 /* Release */,
			);
			defaultConfigurationIsVisible = 0;
			defaultConfigurationName = Release;
		};
		72919EBC1DE67FFB004CB9D1 /* Build configuration list for PBXNativeTarget "tomato-Wor" */ = {
			isa = XCConfigurationList;
			buildConfigurations = (
				72919EBD1DE67FFB004CB9D1 /* Debug */,
				72919EBE1DE67FFB004CB9D1 /* Release */,
			);
			defaultConfigurationIsVisible = 0;
		};
		72919EBF1DE67FFB004CB9D1 /* Build configuration list for PBXNativeTarget "tomato-WorTests" */ = {
			isa = XCConfigurationList;
			buildConfigurations = (
				72919EC01DE67FFB004CB9D1 /* Debug */,
				72919EC11DE67FFB004CB9D1 /* Release */,
			);
			defaultConfigurationIsVisible = 0;
		};
		72919EC21DE67FFB004CB9D1 /* Build configuration list for PBXNativeTarget "tomato-WorUITests" */ = {
			isa = XCConfigurationList;
			buildConfigurations = (
				72919EC31DE67FFB004CB9D1 /* Debug */,
				72919EC41DE67FFB004CB9D1 /* Release */,
			);
			defaultConfigurationIsVisible = 0;
		};
/* End XCConfigurationList section */
	};
	rootObject = 72919E8C1DE67FFB004CB9D1 /* Project object */;
}
